
Microsoft Visual Studio Solution File, Format Version 12.00
# Visual Studio Version 17
VisualStudioVersion = 17.11.35222.181
MinimumVisualStudioVersion = 10.0.40219.1
Project("{FAE04EC0-301F-11D3-BF4B-00C04F79EFBC}") = "VyugovaKD", "VyugovaKD.csproj", "{7D5C23C0-D495-4979-9AA1-35F6BE7F227A}"
EndProject
Global
	GlobalSection(SolutionConfigurationPlatforms) = preSolution
		Debug|Any CPU = Debug|Any CPU
		Release|Any CPU = Release|Any CPU
	EndGlobalSection
	GlobalSection(ProjectConfigurationPlatforms) = postSolution
		{7D5C23C0-D495-4979-9AA1-35F6BE7F227A}.Debug|Any CPU.ActiveCfg = Debug|Any CPU
		{7D5C23C0-D495-4979-9AA1-35F6BE7F227A}.Debug|Any CPU.Build.0 = Debug|Any CPU
		{7D5C23C0-D495-4979-9AA1-35F6BE7F227A}.Release|Any CPU.ActiveCfg = Release|Any CPU
		{7D5C23C0-D495-4979-9AA1-35F6BE7F227A}.Release|Any CPU.Build.0 = Release|Any CPU
	EndGlobalSection
	GlobalSection(SolutionProperties) = preSolution
		HideSolutionNode = FALSE
	EndGlobalSection
	GlobalSection(ExtensibilityGlobals) = postSolution
		SolutionGuid = {96590832-5A78-4345-9492-A3173B9833C1}
	EndGlobalSection
EndGlobal
